
Microsoft Visual Studio Solution File, Format Version 12.00
# Visual Studio Version 16
VisualStudioVersion = 16.0.31624.102
MinimumVisualStudioVersion = 10.0.40219.1
Project("{FAE04EC0-301F-11D3-BF4B-00C04F79EFBC}") = "FileCollector", "FileCollector\FileCollector.csproj", "{CBB3377C-78A2-491B-B443-47EA0130491A}"
EndProject
Global
	GlobalSection(SolutionConfigurationPlatforms) = preSolution
		Debug|Any CPU = Debug|Any CPU
		Release|Any CPU = Release|Any CPU
	EndGlobalSection
	GlobalSection(ProjectConfigurationPlatforms) = postSolution
		{CBB3377C-78A2-491B-B443-47EA0130491A}.Debug|Any CPU.ActiveCfg = Debug|Any CPU
		{CBB3377C-78A2-491B-B443-47EA0130491A}.Debug|Any CPU.Build.0 = Debug|Any CPU
		{CBB3377C-78A2-491B-B443-47EA0130491A}.Release|Any CPU.ActiveCfg = Release|Any CPU
		{CBB3377C-78A2-491B-B443-47EA0130491A}.Release|Any CPU.Build.0 = Release|Any CPU
	EndGlobalSection
	GlobalSection(SolutionProperties) = preSolution
		HideSolutionNode = FALSE
	EndGlobalSection
	GlobalSection(ExtensibilityGlobals) = postSolution
		SolutionGuid = {AFB05D93-9792-4FF0-BE21-BD9EE23781C2}
	EndGlobalSection
EndGlobal
